// !$*UTF8*$!
{
	archiveVersion = 1;
	classes = {
	};
	objectVersion = 45;
	objects = {

/* Begin PBXBuildFile section */
		76018AB512C3DF6800FC4AF1 /* CBPurpleAccount+AuthBlocker.m in Sources */ = {isa = PBXBuildFile; fileRef = 76018AB412C3DF6800FC4AF1 /* CBPurpleAccount+AuthBlocker.m */; };
		7605D78913CEED3500C0D516 /* Adium.framework in Frameworks */ = {isa = PBXBuildFile; fileRef = 7605D78713CEED3500C0D516 /* Adium.framework */; };
		7605D78A13CEED3500C0D516 /* AdiumLibpurple.framework in Frameworks */ = {isa = PBXBuildFile; fileRef = 7605D78813CEED3500C0D516 /* AdiumLibpurple.framework */; };
		7605D91D13CEEEF700C0D516 /* libglib.framework in Frameworks */ = {isa = PBXBuildFile; fileRef = 7605D91C13CEEEF700C0D516 /* libglib.framework */; };
		761BD63612206D42004B9A39 /* AISFPlugin.m in Sources */ = {isa = PBXBuildFile; fileRef = 761BD63512206D42004B9A39 /* AISFPlugin.m */; };
		761BD99012208C23004B9A39 /* AISFPreferences.m in Sources */ = {isa = PBXBuildFile; fileRef = 761BD98F12208C23004B9A39 /* AISFPreferences.m */; };
		761BDA4512209826004B9A39 /* SFPreferences.xib in Resources */ = {isa = PBXBuildFile; fileRef = 761BDA4412209826004B9A39 /* SFPreferences.xib */; };
		76F8BB3C122482460020A73A /* Cocoa.framework in Frameworks */ = {isa = PBXBuildFile; fileRef = 76F8BB3B122482460020A73A /* Cocoa.framework */; };
		8D576314048677EA00EA77CD /* CoreFoundation.framework in Frameworks */ = {isa = PBXBuildFile; fileRef = 0AA1909FFE8422F4C02AAC07 /* CoreFoundation.framework */; };
		8D5B49A804867FD3000E48DA /* InfoPlist.strings in Resources */ = {isa = PBXBuildFile; fileRef = 8D5B49A704867FD3000E48DA /* InfoPlist.strings */; };
/* End PBXBuildFile section */

/* Begin PBXFileReference section */
		089C167EFE841241C02AAC07 /* English */ = {isa = PBXFileReference; fileEncoding = 4; lastKnownFileType = text.plist.strings; name = English; path = English.lproj/InfoPlist.strings; sourceTree = "<group>"; };
		0AA1909FFE8422F4C02AAC07 /* CoreFoundation.framework */ = {isa = PBXFileReference; lastKnownFileType = wrapper.framework; name = CoreFoundation.framework; path = /System/Library/Frameworks/CoreFoundation.framework; sourceTree = "<absolute>"; };
		76018AB312C3DF6800FC4AF1 /* CBPurpleAccount+AuthBlocker.h */ = {isa = PBXFileReference; fileEncoding = 4; lastKnownFileType = sourcecode.c.h; path = "CBPurpleAccount+AuthBlocker.h"; sourceTree = "<group>"; };
		76018AB412C3DF6800FC4AF1 /* CBPurpleAccount+AuthBlocker.m */ = {isa = PBXFileReference; fileEncoding = 4; lastKnownFileType = sourcecode.c.objc; path = "CBPurpleAccount+AuthBlocker.m"; sourceTree = "<group>"; };
		7605D78713CEED3500C0D516 /* Adium.framework */ = {isa = PBXFileReference; lastKnownFileType = wrapper.framework; name = Adium.framework; path = ../adium3/build/Release/Adium.framework; sourceTree = SOURCE_ROOT; };
		7605D78813CEED3500C0D516 /* AdiumLibpurple.framework */ = {isa = PBXFileReference; lastKnownFileType = wrapper.framework; name = AdiumLibpurple.framework; path = ../adium3/build/Release/AdiumLibpurple.framework; sourceTree = SOURCE_ROOT; };
		7605D91C13CEEEF700C0D516 /* libglib.framework */ = {isa = PBXFileReference; lastKnownFileType = wrapper.framework; name = libglib.framework; path = ../adium3/Frameworks/libglib.framework; sourceTree = SOURCE_ROOT; };
		761BD63412206D42004B9A39 /* AISFPlugin.h */ = {isa = PBXFileReference; fileEncoding = 4; lastKnownFileType = sourcecode.c.h; path = AISFPlugin.h; sourceTree = "<group>"; };
		761BD63512206D42004B9A39 /* AISFPlugin.m */ = {isa = PBXFileReference; fileEncoding = 4; lastKnownFileType = sourcecode.c.objc; path = AISFPlugin.m; sourceTree = "<group>"; };
		761BD98E12208C23004B9A39 /* AISFPreferences.h */ = {isa = PBXFileReference; fileEncoding = 4; lastKnownFileType = sourcecode.c.h; path = AISFPreferences.h; sourceTree = "<group>"; };
		761BD98F12208C23004B9A39 /* AISFPreferences.m */ = {isa = PBXFileReference; fileEncoding = 4; lastKnownFileType = sourcecode.c.objc; path = AISFPreferences.m; sourceTree = "<group>"; };
		761BDA421220981D004B9A39 /* English */ = {isa = PBXFileReference; lastKnownFileType = file.xib; name = English; path = English.lproj/SFPreferences.xib; sourceTree = "<group>"; };
		76F8BB3B122482460020A73A /* Cocoa.framework */ = {isa = PBXFileReference; lastKnownFileType = wrapper.framework; name = Cocoa.framework; path = /System/Library/Frameworks/Cocoa.framework; sourceTree = "<absolute>"; };
		8D576316048677EA00EA77CD /* spamfilter.AdiumPlugin */ = {isa = PBXFileReference; explicitFileType = wrapper.cfbundle; includeInIndex = 0; path = spamfilter.AdiumPlugin; sourceTree = BUILT_PRODUCTS_DIR; };
		8D576317048677EA00EA77CD /* Info.plist */ = {isa = PBXFileReference; fileEncoding = 4; lastKnownFileType = text.plist.xml; path = Info.plist; sourceTree = "<group>"; };
/* End PBXFileReference section */

/* Begin PBXFrameworksBuildPhase section */
		8D576313048677EA00EA77CD /* Frameworks */ = {
			isa = PBXFrameworksBuildPhase;
			buildActionMask = 2147483647;
			files = (
				8D576314048677EA00EA77CD /* CoreFoundation.framework in Frameworks */,
				76F8BB3C122482460020A73A /* Cocoa.framework in Frameworks */,
				7605D78913CEED3500C0D516 /* Adium.framework in Frameworks */,
				7605D78A13CEED3500C0D516 /* AdiumLibpurple.framework in Frameworks */,
				7605D91D13CEEEF700C0D516 /* libglib.framework in Frameworks */,
			);
			runOnlyForDeploymentPostprocessing = 0;
		};
/* End PBXFrameworksBuildPhase section */

/* Begin PBXGroup section */
		089C166AFE841209C02AAC07 /* spamfilter */ = {
			isa = PBXGroup;
			children = (
				08FB77AFFE84173DC02AAC07 /* Source */,
				089C167CFE841241C02AAC07 /* Resources */,
				089C1671FE841209C02AAC07 /* External Frameworks and Libraries */,
				19C28FB6FE9D52B211CA2CBB /* Products */,
			);
			name = spamfilter;
			sourceTree = "<group>";
		};
		089C1671FE841209C02AAC07 /* External Frameworks and Libraries */ = {
			isa = PBXGroup;
			children = (
				7605D91C13CEEEF700C0D516 /* libglib.framework */,
				7605D78713CEED3500C0D516 /* Adium.framework */,
				7605D78813CEED3500C0D516 /* AdiumLibpurple.framework */,
				76F8BB3B122482460020A73A /* Cocoa.framework */,
				0AA1909FFE8422F4C02AAC07 /* CoreFoundation.framework */,
			);
			name = "External Frameworks and Libraries";
			sourceTree = "<group>";
		};
		089C167CFE841241C02AAC07 /* Resources */ = {
			isa = PBXGroup;
			children = (
				8D576317048677EA00EA77CD /* Info.plist */,
				8D5B49A704867FD3000E48DA /* InfoPlist.strings */,
				761BDA4412209826004B9A39 /* SFPreferences.xib */,
			);
			name = Resources;
			sourceTree = "<group>";
		};
		08FB77AFFE84173DC02AAC07 /* Source */ = {
			isa = PBXGroup;
			children = (
				761BD63412206D42004B9A39 /* AISFPlugin.h */,
				761BD63512206D42004B9A39 /* AISFPlugin.m */,
				761BD98E12208C23004B9A39 /* AISFPreferences.h */,
				761BD98F12208C23004B9A39 /* AISFPreferences.m */,
				76018AB312C3DF6800FC4AF1 /* CBPurpleAccount+AuthBlocker.h */,
				76018AB412C3DF6800FC4AF1 /* CBPurpleAccount+AuthBlocker.m */,
			);
			name = Source;
			sourceTree = "<group>";
		};
		19C28FB6FE9D52B211CA2CBB /* Products */ = {
			isa = PBXGroup;
			children = (
				8D576316048677EA00EA77CD /* spamfilter.AdiumPlugin */,
			);
			name = Products;
			sourceTree = "<group>";
		};
/* End PBXGroup section */

/* Begin PBXNativeTarget section */
		8D57630D048677EA00EA77CD /* spamfilter */ = {
			isa = PBXNativeTarget;
			buildConfigurationList = 1DEB911A08733D790010E9CD /* Build configuration list for PBXNativeTarget "spamfilter" */;
			buildPhases = (
				8D57630F048677EA00EA77CD /* Resources */,
				8D576311048677EA00EA77CD /* Sources */,
				8D576313048677EA00EA77CD /* Frameworks */,
			);
			buildRules = (
			);
			dependencies = (
			);
			name = spamfilter;
			productInstallPath = "$(HOME)/Library/Bundles";
			productName = spamfilter;
			productReference = 8D576316048677EA00EA77CD /* spamfilter.AdiumPlugin */;
			productType = "com.apple.product-type.bundle";
		};
/* End PBXNativeTarget section */

/* Begin PBXProject section */
		089C1669FE841209C02AAC07 /* Project object */ = {
			isa = PBXProject;
			buildConfigurationList = 1DEB911E08733D790010E9CD /* Build configuration list for PBXProject "spamfilter" */;
			compatibilityVersion = "Xcode 3.1";
			developmentRegion = English;
			hasScannedForEncodings = 1;
			knownRegions = (
				en,
			);
			mainGroup = 089C166AFE841209C02AAC07 /* spamfilter */;
			projectDirPath = "";
			projectRoot = "";
			targets = (
				8D57630D048677EA00EA77CD /* spamfilter */,
			);
		};
/* End PBXProject section */

/* Begin PBXResourcesBuildPhase section */
		8D57630F048677EA00EA77CD /* Resources */ = {
			isa = PBXResourcesBuildPhase;
			buildActionMask = 2147483647;
			files = (
				8D5B49A804867FD3000E48DA /* InfoPlist.strings in Resources */,
				761BDA4512209826004B9A39 /* SFPreferences.xib in Resources */,
			);
			runOnlyForDeploymentPostprocessing = 0;
		};
/* End PBXResourcesBuildPhase section */

/* Begin PBXSourcesBuildPhase section */
		8D576311048677EA00EA77CD /* Sources */ = {
			isa = PBXSourcesBuildPhase;
			buildActionMask = 2147483647;
			files = (
				761BD63612206D42004B9A39 /* AISFPlugin.m in Sources */,
				761BD99012208C23004B9A39 /* AISFPreferences.m in Sources */,
				76018AB512C3DF6800FC4AF1 /* CBPurpleAccount+AuthBlocker.m in Sources */,
			);
			runOnlyForDeploymentPostprocessing = 0;
		};
/* End PBXSourcesBuildPhase section */

/* Begin PBXVariantGroup section */
		761BDA4412209826004B9A39 /* SFPreferences.xib */ = {
			isa = PBXVariantGroup;
			children = (
				761BDA421220981D004B9A39 /* English */,
			);
			name = SFPreferences.xib;
			sourceTree = "<group>";
		};
		8D5B49A704867FD3000E48DA /* InfoPlist.strings */ = {
			isa = PBXVariantGroup;
			children = (
				089C167EFE841241C02AAC07 /* English */,
			);
			name = InfoPlist.strings;
			sourceTree = "<group>";
		};
/* End PBXVariantGroup section */

/* Begin XCBuildConfiguration section */
		1DEB911B08733D790010E9CD /* Debug */ = {
			isa = XCBuildConfiguration;
			buildSettings = {
				ALWAYS_SEARCH_USER_PATHS = NO;
				COPY_PHASE_STRIP = YES;
				FRAMEWORK_SEARCH_PATHS = (
					"$(inherited)",
					"\"$(SRCROOT)/../adium3/build/Release\"",
					"\"$(SRCROOT)/../adium3/Frameworks\"",
				);
				GCC_DYNAMIC_NO_PIC = NO;
				GCC_ENABLE_FIX_AND_CONTINUE = YES;
				GCC_MODEL_TUNING = G5;
				GCC_OPTIMIZATION_LEVEL = 0;
				HEADER_SEARCH_PATHS = /Users/thijs/Projects/Checkouts/Adium/adium3/Frameworks/libglib.framework/Headers;
				INFOPLIST_FILE = Info.plist;
				INSTALL_PATH = "\"$(HOME)/Library/Application Support/Adium 2.0/PlugIns/\"";
				OTHER_LDFLAGS = (
					"-undefined",
					dynamic_lookup,
				);
				PRODUCT_NAME = spamfilter;
				SDKROOT = macosx10.6;
				WRAPPER_EXTENSION = AdiumPlugin;
			};
			name = Debug;
		};
		1DEB911C08733D790010E9CD /* Release */ = {
			isa = XCBuildConfiguration;
			buildSettings = {
				ALWAYS_SEARCH_USER_PATHS = NO;
				COPY_PHASE_STRIP = YES;
				DEBUG_INFORMATION_FORMAT = "dwarf-with-dsym";
				DEPLOYMENT_LOCATION = NO;
				DSTROOT = "/tmp/$(PROJECT_NAME).dst";
				FRAMEWORK_SEARCH_PATHS = (
					"$(inherited)",
					"\"$(SRCROOT)/../adium3/build/Release\"",
					"\"$(SRCROOT)/../adium3/Frameworks\"",
				);
				GCC_MODEL_TUNING = G5;
				GCC_VERSION = com.apple.compilers.llvm.clang.1_0;
				HEADER_SEARCH_PATHS = /Users/thijs/Projects/Checkouts/Adium/adium3/Frameworks/libglib.framework/Headers;
				INFOPLIST_FILE = Info.plist;
				INSTALL_PATH = "\"$(HOME)/Library/Application\\ Support/Adium\\ 2.0/PlugIns/\"";
				OTHER_LDFLAGS = (
					"-undefined",
					dynamic_lookup,
				);
				PRODUCT_NAME = spamfilter;
				SDKROOT = macosx10.6;
				SKIP_INSTALL = NO;
				VALID_ARCHS = "i386 x86_64";
				WRAPPER_EXTENSION = AdiumPlugin;
			};
			name = Release;
		};
		1DEB911F08733D790010E9CD /* Debug */ = {
			isa = XCBuildConfiguration;
			buildSettings = {
				ARCHS = "$(ARCHS_STANDARD_32_64_BIT)";
				GCC_C_LANGUAGE_STANDARD = gnu99;
				GCC_OPTIMIZATION_LEVEL = 0;
				GCC_WARN_ABOUT_RETURN_TYPE = YES;
				GCC_WARN_UNUSED_VARIABLE = YES;
				ONLY_ACTIVE_ARCH = YES;
				PREBINDING = NO;
				SDKROOT = macosx10.6;
			};
			name = Debug;
		};
		1DEB912008733D790010E9CD /* Release */ = {
			isa = XCBuildConfiguration;
			buildSettings = {
				ARCHS = "$(ARCHS_STANDARD_32_64_BIT)";
				GCC_C_LANGUAGE_STANDARD = gnu99;
				GCC_WARN_ABOUT_RETURN_TYPE = YES;
				GCC_WARN_UNUSED_VARIABLE = YES;
				PREBINDING = NO;
				SDKROOT = macosx10.6;
			};
			name = Release;
		};
/* End XCBuildConfiguration section */

/* Begin XCConfigurationList section */
		1DEB911A08733D790010E9CD /* Build configuration list for PBXNativeTarget "spamfilter" */ = {
			isa = XCConfigurationList;
			buildConfigurations = (
				1DEB911B08733D790010E9CD /* Debug */,
				1DEB911C08733D790010E9CD /* Release */,
			);
			defaultConfigurationIsVisible = 0;
			defaultConfigurationName = Release;
		};
		1DEB911E08733D790010E9CD /* Build configuration list for PBXProject "spamfilter" */ = {
			isa = XCConfigurationList;
			buildConfigurations = (
				1DEB911F08733D790010E9CD /* Debug */,
				1DEB912008733D790010E9CD /* Release */,
			);
			defaultConfigurationIsVisible = 0;
			defaultConfigurationName = Release;
		};
/* End XCConfigurationList section */
	};
	rootObject = 089C1669FE841209C02AAC07 /* Project object */;
}
